
Microsoft Visual Studio Solution File, Format Version 12.00
# Visual Studio Version 16
VisualStudioVersion = 16.0.29319.158
MinimumVisualStudioVersion = 10.0.40219.1
Project("{FAE04EC0-301F-11D3-BF4B-00C04F79EFBC}") = "BaiTapXamarin.Android", "BaiTapXamarin\BaiTapXamarin.Android\BaiTapXamarin.Android.csproj", "{4A8CE9E3-6852-4D49-9239-36797CF0FA86}"
EndProject
Project("{FAE04EC0-301F-11D3-BF4B-00C04F79EFBC}") = "BaiTapXamarin.iOS", "BaiTapXamarin\BaiTapXamarin.iOS\BaiTapXamarin.iOS.csproj", "{15C7B5F5-F025-4A60-A897-37F13E471133}"
EndProject
Project("{9A19103F-16F7-4668-BE54-9A1E7A4F7556}") = "BaiTapXamarin", "BaiTapXamarin\BaiTapXamarin\BaiTapXamarin.csproj", "{B15373CD-E9C9-47C7-B3CA-B7A73B9DAE71}"
EndProject
Project("{FAE04EC0-301F-11D3-BF4B-00C04F79EFBC}") = "Chapter1.Android", "Chapter1\Chapter1.Android\Chapter1.Android.csproj", "{903C7E1D-C53A-4178-AA6C-FCF8B8C62303}"
EndProject
Project("{FAE04EC0-301F-11D3-BF4B-00C04F79EFBC}") = "Chapter1.iOS", "Chapter1\Chapter1.iOS\Chapter1.iOS.csproj", "{D2B73CF0-B795-463A-8848-CBC686E60597}"
EndProject
Project("{9A19103F-16F7-4668-BE54-9A1E7A4F7556}") = "Chapter1", "Chapter1\Chapter1\Chapter1.csproj", "{8EF368D5-96DD-4EEA-8D82-DD8B328B80DB}"
EndProject
Project("{FAE04EC0-301F-11D3-BF4B-00C04F79EFBC}") = "Chapter2.Android", "Chapter2\Chapter2.Android\Chapter2.Android.csproj", "{8340B674-80B2-4850-A542-B55A17D541F7}"
EndProject
Project("{FAE04EC0-301F-11D3-BF4B-00C04F79EFBC}") = "Chapter2.iOS", "Chapter2\Chapter2.iOS\Chapter2.iOS.csproj", "{6849A415-E517-42F5-B1AB-1EFAD569688C}"
EndProject
Project("{9A19103F-16F7-4668-BE54-9A1E7A4F7556}") = "Chapter2", "Chapter2\Chapter2\Chapter2.csproj", "{73BF5510-D709-4CC1-8E72-395A8BC1BFB4}"
EndProject
Project("{FAE04EC0-301F-11D3-BF4B-00C04F79EFBC}") = "Chapter3.Android", "Chapter3\Chapter3.Android\Chapter3.Android.csproj", "{B218B624-3336-401D-BB9D-1B2868D681E7}"
EndProject
Project("{FAE04EC0-301F-11D3-BF4B-00C04F79EFBC}") = "Chapter3.iOS", "Chapter3\Chapter3.iOS\Chapter3.iOS.csproj", "{48564F33-5AFB-4627-BEBA-31EAB9C8AFD2}"
EndProject
Project("{9A19103F-16F7-4668-BE54-9A1E7A4F7556}") = "Chapter3", "Chapter3\Chapter3\Chapter3.csproj", "{6B7C0665-C71F-4DB9-BEDD-722FDC4F2438}"
EndProject
Project("{2150E333-8FDC-42A3-9474-1A3956D46DE8}") = "Chapter4", "Chapter4", "{7396E0E3-9AD1-43BE-8591-559BF7F3309F}"
EndProject
Project("{FAE04EC0-301F-11D3-BF4B-00C04F79EFBC}") = "StyleExamples.Android", "StyleExamples\StyleExamples.Android\StyleExamples.Android.csproj", "{0D082F5A-3BBA-471B-A901-60D7853E6AAA}"
EndProject
Project("{FAE04EC0-301F-11D3-BF4B-00C04F79EFBC}") = "StyleExamples.iOS", "StyleExamples\StyleExamples.iOS\StyleExamples.iOS.csproj", "{0EE026BA-7D2F-43FF-892F-CA03D6CBA660}"
EndProject
Project("{9A19103F-16F7-4668-BE54-9A1E7A4F7556}") = "StyleExamples", "StyleExamples\StyleExamples\StyleExamples.csproj", "{166B3D4A-E2DC-4BAE-B904-EBBF505620B2}"
EndProject
Project("{FAE04EC0-301F-11D3-BF4B-00C04F79EFBC}") = "CSSExample.Android", "CSSExample\CSSExample.Android\CSSExample.Android.csproj", "{EBE7052D-D51E-4F56-87CC-58E80F506D78}"
EndProject
Project("{FAE04EC0-301F-11D3-BF4B-00C04F79EFBC}") = "CSSExample.iOS", "CSSExample\CSSExample.iOS\CSSExample.iOS.csproj", "{F2B6A8F6-A916-4C67-8A99-FF2651BD404C}"
EndProject
Project("{FAE04EC0-301F-11D3-BF4B-00C04F79EFBC}") = "CSSExample", "CSSExample\CSSExample\CSSExample.csproj", "{46F1933A-D150-4BC1-8070-371F092E3B55}"
EndProject
Project("{FAE04EC0-301F-11D3-BF4B-00C04F79EFBC}") = "Chapter5.Android", "Chapter5\Chapter5.Android\Chapter5.Android.csproj", "{D3F7D152-1D92-4C51-BA13-B1BD602C4F03}"
EndProject
Project("{FAE04EC0-301F-11D3-BF4B-00C04F79EFBC}") = "Chapter5.iOS", "Chapter5\Chapter5.iOS\Chapter5.iOS.csproj", "{AE0C19CF-C791-45C0-8553-658CA5274F92}"
EndProject
Project("{9A19103F-16F7-4668-BE54-9A1E7A4F7556}") = "Chapter5", "Chapter5\Chapter5\Chapter5.csproj", "{EE8CEE53-DE9F-44D2-8629-9FB3373B7E41}"
EndProject
Project("{FAE04EC0-301F-11D3-BF4B-00C04F79EFBC}") = "Chapter6.Android", "Chapter6\Chapter6.Android\Chapter6.Android.csproj", "{B28CAF3F-1D69-4179-9A30-75EAB90C6E9A}"
EndProject
Project("{FAE04EC0-301F-11D3-BF4B-00C04F79EFBC}") = "Chapter6.iOS", "Chapter6\Chapter6.iOS\Chapter6.iOS.csproj", "{34E0A508-C9EC-4064-A3F1-360794C268C2}"
EndProject
Project("{FAE04EC0-301F-11D3-BF4B-00C04F79EFBC}") = "Chapter6", "Chapter6\Chapter6\Chapter6.csproj", "{BA3897AC-32F8-4A41-8A60-E8504923F6DB}"
EndProject
Global
	GlobalSection(SolutionConfigurationPlatforms) = preSolution
		Debug|Any CPU = Debug|Any CPU
		Debug|iPhone = Debug|iPhone
		Debug|iPhoneSimulator = Debug|iPhoneSimulator
		Release|Any CPU = Release|Any CPU
		Release|iPhone = Release|iPhone
		Release|iPhoneSimulator = Release|iPhoneSimulator
	EndGlobalSection
	GlobalSection(ProjectConfigurationPlatforms) = postSolution
		{4A8CE9E3-6852-4D49-9239-36797CF0FA86}.Debug|Any CPU.ActiveCfg = Debug|Any CPU
		{4A8CE9E3-6852-4D49-9239-36797CF0FA86}.Debug|Any CPU.Build.0 = Debug|Any CPU
		{4A8CE9E3-6852-4D49-9239-36797CF0FA86}.Debug|Any CPU.Deploy.0 = Debug|Any CPU
		{4A8CE9E3-6852-4D49-9239-36797CF0FA86}.Debug|iPhone.ActiveCfg = Debug|Any CPU
		{4A8CE9E3-6852-4D49-9239-36797CF0FA86}.Debug|iPhone.Build.0 = Debug|Any CPU
		{4A8CE9E3-6852-4D49-9239-36797CF0FA86}.Debug|iPhone.Deploy.0 = Debug|Any CPU
		{4A8CE9E3-6852-4D49-9239-36797CF0FA86}.Debug|iPhoneSimulator.ActiveCfg = Debug|Any CPU
		{4A8CE9E3-6852-4D49-9239-36797CF0FA86}.Debug|iPhoneSimulator.Build.0 = Debug|Any CPU
		{4A8CE9E3-6852-4D49-9239-36797CF0FA86}.Debug|iPhoneSimulator.Deploy.0 = Debug|Any CPU
		{4A8CE9E3-6852-4D49-9239-36797CF0FA86}.Release|Any CPU.ActiveCfg = Release|Any CPU
		{4A8CE9E3-6852-4D49-9239-36797CF0FA86}.Release|Any CPU.Build.0 = Release|Any CPU
		{4A8CE9E3-6852-4D49-9239-36797CF0FA86}.Release|Any CPU.Deploy.0 = Release|Any CPU
		{4A8CE9E3-6852-4D49-9239-36797CF0FA86}.Release|iPhone.ActiveCfg = Release|Any CPU
		{4A8CE9E3-6852-4D49-9239-36797CF0FA86}.Release|iPhone.Build.0 = Release|Any CPU
		{4A8CE9E3-6852-4D49-9239-36797CF0FA86}.Release|iPhone.Deploy.0 = Release|Any CPU
		{4A8CE9E3-6852-4D49-9239-36797CF0FA86}.Release|iPhoneSimulator.ActiveCfg = Release|Any CPU
		{4A8CE9E3-6852-4D49-9239-36797CF0FA86}.Release|iPhoneSimulator.Build.0 = Release|Any CPU
		{4A8CE9E3-6852-4D49-9239-36797CF0FA86}.Release|iPhoneSimulator.Deploy.0 = Release|Any CPU
		{15C7B5F5-F025-4A60-A897-37F13E471133}.Debug|Any CPU.ActiveCfg = Debug|iPhoneSimulator
		{15C7B5F5-F025-4A60-A897-37F13E471133}.Debug|Any CPU.Build.0 = Debug|iPhoneSimulator
		{15C7B5F5-F025-4A60-A897-37F13E471133}.Debug|Any CPU.Deploy.0 = Debug|iPhoneSimulator
		{15C7B5F5-F025-4A60-A897-37F13E471133}.Debug|iPhone.ActiveCfg = Debug|iPhone
		{15C7B5F5-F025-4A60-A897-37F13E471133}.Debug|iPhone.Build.0 = Debug|iPhone
		{15C7B5F5-F025-4A60-A897-37F13E471133}.Debug|iPhone.Deploy.0 = Debug|iPhone
		{15C7B5F5-F025-4A60-A897-37F13E471133}.Debug|iPhoneSimulator.ActiveCfg = Debug|iPhoneSimulator
		{15C7B5F5-F025-4A60-A897-37F13E471133}.Debug|iPhoneSimulator.Build.0 = Debug|iPhoneSimulator
		{15C7B5F5-F025-4A60-A897-37F13E471133}.Debug|iPhoneSimulator.Deploy.0 = Debug|iPhoneSimulator
		{15C7B5F5-F025-4A60-A897-37F13E471133}.Release|Any CPU.ActiveCfg = Release|iPhone
		{15C7B5F5-F025-4A60-A897-37F13E471133}.Release|Any CPU.Build.0 = Release|iPhone
		{15C7B5F5-F025-4A60-A897-37F13E471133}.Release|Any CPU.Deploy.0 = Release|iPhone
		{15C7B5F5-F025-4A60-A897-37F13E471133}.Release|iPhone.ActiveCfg = Release|iPhone
		{15C7B5F5-F025-4A60-A897-37F13E471133}.Release|iPhone.Build.0 = Release|iPhone
		{15C7B5F5-F025-4A60-A897-37F13E471133}.Release|iPhone.Deploy.0 = Release|iPhone
		{15C7B5F5-F025-4A60-A897-37F13E471133}.Release|iPhoneSimulator.ActiveCfg = Release|iPhoneSimulator
		{15C7B5F5-F025-4A60-A897-37F13E471133}.Release|iPhoneSimulator.Build.0 = Release|iPhoneSimulator
		{15C7B5F5-F025-4A60-A897-37F13E471133}.Release|iPhoneSimulator.Deploy.0 = Release|iPhoneSimulator
		{B15373CD-E9C9-47C7-B3CA-B7A73B9DAE71}.Debug|Any CPU.ActiveCfg = Debug|Any CPU
		{B15373CD-E9C9-47C7-B3CA-B7A73B9DAE71}.Debug|Any CPU.Build.0 = Debug|Any CPU
		{B15373CD-E9C9-47C7-B3CA-B7A73B9DAE71}.Debug|Any CPU.Deploy.0 = Debug|Any CPU
		{B15373CD-E9C9-47C7-B3CA-B7A73B9DAE71}.Debug|iPhone.ActiveCfg = Debug|Any CPU
		{B15373CD-E9C9-47C7-B3CA-B7A73B9DAE71}.Debug|iPhone.Build.0 = Debug|Any CPU
		{B15373CD-E9C9-47C7-B3CA-B7A73B9DAE71}.Debug|iPhone.Deploy.0 = Debug|Any CPU
		{B15373CD-E9C9-47C7-B3CA-B7A73B9DAE71}.Debug|iPhoneSimulator.ActiveCfg = Debug|Any CPU
		{B15373CD-E9C9-47C7-B3CA-B7A73B9DAE71}.Debug|iPhoneSimulator.Build.0 = Debug|Any CPU
		{B15373CD-E9C9-47C7-B3CA-B7A73B9DAE71}.Debug|iPhoneSimulator.Deploy.0 = Debug|Any CPU
		{B15373CD-E9C9-47C7-B3CA-B7A73B9DAE71}.Release|Any CPU.ActiveCfg = Release|Any CPU
		{B15373CD-E9C9-47C7-B3CA-B7A73B9DAE71}.Release|Any CPU.Build.0 = Release|Any CPU
		{B15373CD-E9C9-47C7-B3CA-B7A73B9DAE71}.Release|Any CPU.Deploy.0 = Release|Any CPU
		{B15373CD-E9C9-47C7-B3CA-B7A73B9DAE71}.Release|iPhone.ActiveCfg = Release|Any CPU
		{B15373CD-E9C9-47C7-B3CA-B7A73B9DAE71}.Release|iPhone.Build.0 = Release|Any CPU
		{B15373CD-E9C9-47C7-B3CA-B7A73B9DAE71}.Release|iPhone.Deploy.0 = Release|Any CPU
		{B15373CD-E9C9-47C7-B3CA-B7A73B9DAE71}.Release|iPhoneSimulator.ActiveCfg = Release|Any CPU
		{B15373CD-E9C9-47C7-B3CA-B7A73B9DAE71}.Release|iPhoneSimulator.Build.0 = Release|Any CPU
		{B15373CD-E9C9-47C7-B3CA-B7A73B9DAE71}.Release|iPhoneSimulator.Deploy.0 = Release|Any CPU
		{903C7E1D-C53A-4178-AA6C-FCF8B8C62303}.Debug|Any CPU.ActiveCfg = Debug|Any CPU
		{903C7E1D-C53A-4178-AA6C-FCF8B8C62303}.Debug|Any CPU.Build.0 = Debug|Any CPU
		{903C7E1D-C53A-4178-AA6C-FCF8B8C62303}.Debug|Any CPU.Deploy.0 = Debug|Any CPU
		{903C7E1D-C53A-4178-AA6C-FCF8B8C62303}.Debug|iPhone.ActiveCfg = Debug|Any CPU
		{903C7E1D-C53A-4178-AA6C-FCF8B8C62303}.Debug|iPhone.Build.0 = Debug|Any CPU
		{903C7E1D-C53A-4178-AA6C-FCF8B8C62303}.Debug|iPhone.Deploy.0 = Debug|Any CPU
		{903C7E1D-C53A-4178-AA6C-FCF8B8C62303}.Debug|iPhoneSimulator.ActiveCfg = Debug|Any CPU
		{903C7E1D-C53A-4178-AA6C-FCF8B8C62303}.Debug|iPhoneSimulator.Build.0 = Debug|Any CPU
		{903C7E1D-C53A-4178-AA6C-FCF8B8C62303}.Debug|iPhoneSimulator.Deploy.0 = Debug|Any CPU
		{903C7E1D-C53A-4178-AA6C-FCF8B8C62303}.Release|Any CPU.ActiveCfg = Release|Any CPU
		{903C7E1D-C53A-4178-AA6C-FCF8B8C62303}.Release|Any CPU.Build.0 = Release|Any CPU
		{903C7E1D-C53A-4178-AA6C-FCF8B8C62303}.Release|Any CPU.Deploy.0 = Release|Any CPU
		{903C7E1D-C53A-4178-AA6C-FCF8B8C62303}.Release|iPhone.ActiveCfg = Release|Any CPU
		{903C7E1D-C53A-4178-AA6C-FCF8B8C62303}.Release|iPhone.Build.0 = Release|Any CPU
		{903C7E1D-C53A-4178-AA6C-FCF8B8C62303}.Release|iPhone.Deploy.0 = Release|Any CPU
		{903C7E1D-C53A-4178-AA6C-FCF8B8C62303}.Release|iPhoneSimulator.ActiveCfg = Release|Any CPU
		{903C7E1D-C53A-4178-AA6C-FCF8B8C62303}.Release|iPhoneSimulator.Build.0 = Release|Any CPU
		{903C7E1D-C53A-4178-AA6C-FCF8B8C62303}.Release|iPhoneSimulator.Deploy.0 = Release|Any CPU
		{D2B73CF0-B795-463A-8848-CBC686E60597}.Debug|Any CPU.ActiveCfg = Debug|iPhone
		{D2B73CF0-B795-463A-8848-CBC686E60597}.Debug|iPhone.ActiveCfg = Debug|iPhone
		{D2B73CF0-B795-463A-8848-CBC686E60597}.Debug|iPhone.Build.0 = Debug|iPhone
		{D2B73CF0-B795-463A-8848-CBC686E60597}.Debug|iPhoneSimulator.ActiveCfg = Debug|iPhoneSimulator
		{D2B73CF0-B795-463A-8848-CBC686E60597}.Debug|iPhoneSimulator.Build.0 = Debug|iPhoneSimulator
		{D2B73CF0-B795-463A-8848-CBC686E60597}.Release|Any CPU.ActiveCfg = Release|iPhone
		{D2B73CF0-B795-463A-8848-CBC686E60597}.Release|iPhone.ActiveCfg = Release|iPhone
		{D2B73CF0-B795-463A-8848-CBC686E60597}.Release|iPhone.Build.0 = Release|iPhone
		{D2B73CF0-B795-463A-8848-CBC686E60597}.Release|iPhoneSimulator.ActiveCfg = Release|iPhoneSimulator
		{D2B73CF0-B795-463A-8848-CBC686E60597}.Release|iPhoneSimulator.Build.0 = Release|iPhoneSimulator
		{8EF368D5-96DD-4EEA-8D82-DD8B328B80DB}.Debug|Any CPU.ActiveCfg = Debug|Any CPU
		{8EF368D5-96DD-4EEA-8D82-DD8B328B80DB}.Debug|Any CPU.Build.0 = Debug|Any CPU
		{8EF368D5-96DD-4EEA-8D82-DD8B328B80DB}.Debug|iPhone.ActiveCfg = Debug|Any CPU
		{8EF368D5-96DD-4EEA-8D82-DD8B328B80DB}.Debug|iPhone.Build.0 = Debug|Any CPU
		{8EF368D5-96DD-4EEA-8D82-DD8B328B80DB}.Debug|iPhoneSimulator.ActiveCfg = Debug|Any CPU
		{8EF368D5-96DD-4EEA-8D82-DD8B328B80DB}.Debug|iPhoneSimulator.Build.0 = Debug|Any CPU
		{8EF368D5-96DD-4EEA-8D82-DD8B328B80DB}.Release|Any CPU.ActiveCfg = Release|Any CPU
		{8EF368D5-96DD-4EEA-8D82-DD8B328B80DB}.Release|Any CPU.Build.0 = Release|Any CPU
		{8EF368D5-96DD-4EEA-8D82-DD8B328B80DB}.Release|iPhone.ActiveCfg = Release|Any CPU
		{8EF368D5-96DD-4EEA-8D82-DD8B328B80DB}.Release|iPhone.Build.0 = Release|Any CPU
		{8EF368D5-96DD-4EEA-8D82-DD8B328B80DB}.Release|iPhoneSimulator.ActiveCfg = Release|Any CPU
		{8EF368D5-96DD-4EEA-8D82-DD8B328B80DB}.Release|iPhoneSimulator.Build.0 = Release|Any CPU
		{8340B674-80B2-4850-A542-B55A17D541F7}.Debug|Any CPU.ActiveCfg = Debug|Any CPU
		{8340B674-80B2-4850-A542-B55A17D541F7}.Debug|Any CPU.Build.0 = Debug|Any CPU
		{8340B674-80B2-4850-A542-B55A17D541F7}.Debug|Any CPU.Deploy.0 = Debug|Any CPU
		{8340B674-80B2-4850-A542-B55A17D541F7}.Debug|iPhone.ActiveCfg = Debug|Any CPU
		{8340B674-80B2-4850-A542-B55A17D541F7}.Debug|iPhone.Build.0 = Debug|Any CPU
		{8340B674-80B2-4850-A542-B55A17D541F7}.Debug|iPhone.Deploy.0 = Debug|Any CPU
		{8340B674-80B2-4850-A542-B55A17D541F7}.Debug|iPhoneSimulator.ActiveCfg = Debug|Any CPU
		{8340B674-80B2-4850-A542-B55A17D541F7}.Debug|iPhoneSimulator.Build.0 = Debug|Any CPU
		{8340B674-80B2-4850-A542-B55A17D541F7}.Debug|iPhoneSimulator.Deploy.0 = Debug|Any CPU
		{8340B674-80B2-4850-A542-B55A17D541F7}.Release|Any CPU.ActiveCfg = Release|Any CPU
		{8340B674-80B2-4850-A542-B55A17D541F7}.Release|Any CPU.Build.0 = Release|Any CPU
		{8340B674-80B2-4850-A542-B55A17D541F7}.Release|Any CPU.Deploy.0 = Release|Any CPU
		{8340B674-80B2-4850-A542-B55A17D541F7}.Release|iPhone.ActiveCfg = Release|Any CPU
		{8340B674-80B2-4850-A542-B55A17D541F7}.Release|iPhone.Build.0 = Release|Any CPU
		{8340B674-80B2-4850-A542-B55A17D541F7}.Release|iPhone.Deploy.0 = Release|Any CPU
		{8340B674-80B2-4850-A542-B55A17D541F7}.Release|iPhoneSimulator.ActiveCfg = Release|Any CPU
		{8340B674-80B2-4850-A542-B55A17D541F7}.Release|iPhoneSimulator.Build.0 = Release|Any CPU
		{8340B674-80B2-4850-A542-B55A17D541F7}.Release|iPhoneSimulator.Deploy.0 = Release|Any CPU
		{6849A415-E517-42F5-B1AB-1EFAD569688C}.Debug|Any CPU.ActiveCfg = Debug|iPhone
		{6849A415-E517-42F5-B1AB-1EFAD569688C}.Debug|iPhone.ActiveCfg = Debug|iPhone
		{6849A415-E517-42F5-B1AB-1EFAD569688C}.Debug|iPhone.Build.0 = Debug|iPhone
		{6849A415-E517-42F5-B1AB-1EFAD569688C}.Debug|iPhoneSimulator.ActiveCfg = Debug|iPhoneSimulator
		{6849A415-E517-42F5-B1AB-1EFAD569688C}.Debug|iPhoneSimulator.Build.0 = Debug|iPhoneSimulator
		{6849A415-E517-42F5-B1AB-1EFAD569688C}.Release|Any CPU.ActiveCfg = Release|iPhone
		{6849A415-E517-42F5-B1AB-1EFAD569688C}.Release|iPhone.ActiveCfg = Release|iPhone
		{6849A415-E517-42F5-B1AB-1EFAD569688C}.Release|iPhone.Build.0 = Release|iPhone
		{6849A415-E517-42F5-B1AB-1EFAD569688C}.Release|iPhoneSimulator.ActiveCfg = Release|iPhoneSimulator
		{6849A415-E517-42F5-B1AB-1EFAD569688C}.Release|iPhoneSimulator.Build.0 = Release|iPhoneSimulator
		{73BF5510-D709-4CC1-8E72-395A8BC1BFB4}.Debug|Any CPU.ActiveCfg = Debug|Any CPU
		{73BF5510-D709-4CC1-8E72-395A8BC1BFB4}.Debug|Any CPU.Build.0 = Debug|Any CPU
		{73BF5510-D709-4CC1-8E72-395A8BC1BFB4}.Debug|iPhone.ActiveCfg = Debug|Any CPU
		{73BF5510-D709-4CC1-8E72-395A8BC1BFB4}.Debug|iPhone.Build.0 = Debug|Any CPU
		{73BF5510-D709-4CC1-8E72-395A8BC1BFB4}.Debug|iPhoneSimulator.ActiveCfg = Debug|Any CPU
		{73BF5510-D709-4CC1-8E72-395A8BC1BFB4}.Debug|iPhoneSimulator.Build.0 = Debug|Any CPU
		{73BF5510-D709-4CC1-8E72-395A8BC1BFB4}.Release|Any CPU.ActiveCfg = Release|Any CPU
		{73BF5510-D709-4CC1-8E72-395A8BC1BFB4}.Release|Any CPU.Build.0 = Release|Any CPU
		{73BF5510-D709-4CC1-8E72-395A8BC1BFB4}.Release|iPhone.ActiveCfg = Release|Any CPU
		{73BF5510-D709-4CC1-8E72-395A8BC1BFB4}.Release|iPhone.Build.0 = Release|Any CPU
		{73BF5510-D709-4CC1-8E72-395A8BC1BFB4}.Release|iPhoneSimulator.ActiveCfg = Release|Any CPU
		{73BF5510-D709-4CC1-8E72-395A8BC1BFB4}.Release|iPhoneSimulator.Build.0 = Release|Any CPU
		{B218B624-3336-401D-BB9D-1B2868D681E7}.Debug|Any CPU.ActiveCfg = Debug|Any CPU
		{B218B624-3336-401D-BB9D-1B2868D681E7}.Debug|Any CPU.Build.0 = Debug|Any CPU
		{B218B624-3336-401D-BB9D-1B2868D681E7}.Debug|Any CPU.Deploy.0 = Debug|Any CPU
		{B218B624-3336-401D-BB9D-1B2868D681E7}.Debug|iPhone.ActiveCfg = Debug|Any CPU
		{B218B624-3336-401D-BB9D-1B2868D681E7}.Debug|iPhone.Build.0 = Debug|Any CPU
		{B218B624-3336-401D-BB9D-1B2868D681E7}.Debug|iPhone.Deploy.0 = Debug|Any CPU
		{B218B624-3336-401D-BB9D-1B2868D681E7}.Debug|iPhoneSimulator.ActiveCfg = Debug|Any CPU
		{B218B624-3336-401D-BB9D-1B2868D681E7}.Debug|iPhoneSimulator.Build.0 = Debug|Any CPU
		{B218B624-3336-401D-BB9D-1B2868D681E7}.Debug|iPhoneSimulator.Deploy.0 = Debug|Any CPU
		{B218B624-3336-401D-BB9D-1B2868D681E7}.Release|Any CPU.ActiveCfg = Release|Any CPU
		{B218B624-3336-401D-BB9D-1B2868D681E7}.Release|Any CPU.Build.0 = Release|Any CPU
		{B218B624-3336-401D-BB9D-1B2868D681E7}.Release|Any CPU.Deploy.0 = Release|Any CPU
		{B218B624-3336-401D-BB9D-1B2868D681E7}.Release|iPhone.ActiveCfg = Release|Any CPU
		{B218B624-3336-401D-BB9D-1B2868D681E7}.Release|iPhone.Build.0 = Release|Any CPU
		{B218B624-3336-401D-BB9D-1B2868D681E7}.Release|iPhone.Deploy.0 = Release|Any CPU
		{B218B624-3336-401D-BB9D-1B2868D681E7}.Release|iPhoneSimulator.ActiveCfg = Release|Any CPU
		{B218B624-3336-401D-BB9D-1B2868D681E7}.Release|iPhoneSimulator.Build.0 = Release|Any CPU
		{B218B624-3336-401D-BB9D-1B2868D681E7}.Release|iPhoneSimulator.Deploy.0 = Release|Any CPU
		{48564F33-5AFB-4627-BEBA-31EAB9C8AFD2}.Debug|Any CPU.ActiveCfg = Debug|iPhone
		{48564F33-5AFB-4627-BEBA-31EAB9C8AFD2}.Debug|iPhone.ActiveCfg = Debug|iPhone
		{48564F33-5AFB-4627-BEBA-31EAB9C8AFD2}.Debug|iPhone.Build.0 = Debug|iPhone
		{48564F33-5AFB-4627-BEBA-31EAB9C8AFD2}.Debug|iPhoneSimulator.ActiveCfg = Debug|iPhoneSimulator
		{48564F33-5AFB-4627-BEBA-31EAB9C8AFD2}.Debug|iPhoneSimulator.Build.0 = Debug|iPhoneSimulator
		{48564F33-5AFB-4627-BEBA-31EAB9C8AFD2}.Release|Any CPU.ActiveCfg = Release|iPhone
		{48564F33-5AFB-4627-BEBA-31EAB9C8AFD2}.Release|iPhone.ActiveCfg = Release|iPhone
		{48564F33-5AFB-4627-BEBA-31EAB9C8AFD2}.Release|iPhone.Build.0 = Release|iPhone
		{48564F33-5AFB-4627-BEBA-31EAB9C8AFD2}.Release|iPhoneSimulator.ActiveCfg = Release|iPhoneSimulator
		{48564F33-5AFB-4627-BEBA-31EAB9C8AFD2}.Release|iPhoneSimulator.Build.0 = Release|iPhoneSimulator
		{6B7C0665-C71F-4DB9-BEDD-722FDC4F2438}.Debug|Any CPU.ActiveCfg = Debug|Any CPU
		{6B7C0665-C71F-4DB9-BEDD-722FDC4F2438}.Debug|Any CPU.Build.0 = Debug|Any CPU
		{6B7C0665-C71F-4DB9-BEDD-722FDC4F2438}.Debug|iPhone.ActiveCfg = Debug|Any CPU
		{6B7C0665-C71F-4DB9-BEDD-722FDC4F2438}.Debug|iPhone.Build.0 = Debug|Any CPU
		{6B7C0665-C71F-4DB9-BEDD-722FDC4F2438}.Debug|iPhoneSimulator.ActiveCfg = Debug|Any CPU
		{6B7C0665-C71F-4DB9-BEDD-722FDC4F2438}.Debug|iPhoneSimulator.Build.0 = Debug|Any CPU
		{6B7C0665-C71F-4DB9-BEDD-722FDC4F2438}.Release|Any CPU.ActiveCfg = Release|Any CPU
		{6B7C0665-C71F-4DB9-BEDD-722FDC4F2438}.Release|Any CPU.Build.0 = Release|Any CPU
		{6B7C0665-C71F-4DB9-BEDD-722FDC4F2438}.Release|iPhone.ActiveCfg = Release|Any CPU
		{6B7C0665-C71F-4DB9-BEDD-722FDC4F2438}.Release|iPhone.Build.0 = Release|Any CPU
		{6B7C0665-C71F-4DB9-BEDD-722FDC4F2438}.Release|iPhoneSimulator.ActiveCfg = Release|Any CPU
		{6B7C0665-C71F-4DB9-BEDD-722FDC4F2438}.Release|iPhoneSimulator.Build.0 = Release|Any CPU
		{0D082F5A-3BBA-471B-A901-60D7853E6AAA}.Debug|Any CPU.ActiveCfg = Debug|Any CPU
		{0D082F5A-3BBA-471B-A901-60D7853E6AAA}.Debug|Any CPU.Build.0 = Debug|Any CPU
		{0D082F5A-3BBA-471B-A901-60D7853E6AAA}.Debug|Any CPU.Deploy.0 = Debug|Any CPU
		{0D082F5A-3BBA-471B-A901-60D7853E6AAA}.Debug|iPhone.ActiveCfg = Debug|Any CPU
		{0D082F5A-3BBA-471B-A901-60D7853E6AAA}.Debug|iPhone.Build.0 = Debug|Any CPU
		{0D082F5A-3BBA-471B-A901-60D7853E6AAA}.Debug|iPhone.Deploy.0 = Debug|Any CPU
		{0D082F5A-3BBA-471B-A901-60D7853E6AAA}.Debug|iPhoneSimulator.ActiveCfg = Debug|Any CPU
		{0D082F5A-3BBA-471B-A901-60D7853E6AAA}.Debug|iPhoneSimulator.Build.0 = Debug|Any CPU
		{0D082F5A-3BBA-471B-A901-60D7853E6AAA}.Debug|iPhoneSimulator.Deploy.0 = Debug|Any CPU
		{0D082F5A-3BBA-471B-A901-60D7853E6AAA}.Release|Any CPU.ActiveCfg = Release|Any CPU
		{0D082F5A-3BBA-471B-A901-60D7853E6AAA}.Release|Any CPU.Build.0 = Release|Any CPU
		{0D082F5A-3BBA-471B-A901-60D7853E6AAA}.Release|Any CPU.Deploy.0 = Release|Any CPU
		{0D082F5A-3BBA-471B-A901-60D7853E6AAA}.Release|iPhone.ActiveCfg = Release|Any CPU
		{0D082F5A-3BBA-471B-A901-60D7853E6AAA}.Release|iPhone.Build.0 = Release|Any CPU
		{0D082F5A-3BBA-471B-A901-60D7853E6AAA}.Release|iPhone.Deploy.0 = Release|Any CPU
		{0D082F5A-3BBA-471B-A901-60D7853E6AAA}.Release|iPhoneSimulator.ActiveCfg = Release|Any CPU
		{0D082F5A-3BBA-471B-A901-60D7853E6AAA}.Release|iPhoneSimulator.Build.0 = Release|Any CPU
		{0D082F5A-3BBA-471B-A901-60D7853E6AAA}.Release|iPhoneSimulator.Deploy.0 = Release|Any CPU
		{0EE026BA-7D2F-43FF-892F-CA03D6CBA660}.Debug|Any CPU.ActiveCfg = Debug|iPhone
		{0EE026BA-7D2F-43FF-892F-CA03D6CBA660}.Debug|iPhone.ActiveCfg = Debug|iPhone
		{0EE026BA-7D2F-43FF-892F-CA03D6CBA660}.Debug|iPhone.Build.0 = Debug|iPhone
		{0EE026BA-7D2F-43FF-892F-CA03D6CBA660}.Debug|iPhoneSimulator.ActiveCfg = Debug|iPhoneSimulator
		{0EE026BA-7D2F-43FF-892F-CA03D6CBA660}.Debug|iPhoneSimulator.Build.0 = Debug|iPhoneSimulator
		{0EE026BA-7D2F-43FF-892F-CA03D6CBA660}.Release|Any CPU.ActiveCfg = Release|iPhone
		{0EE026BA-7D2F-43FF-892F-CA03D6CBA660}.Release|iPhone.ActiveCfg = Release|iPhone
		{0EE026BA-7D2F-43FF-892F-CA03D6CBA660}.Release|iPhone.Build.0 = Release|iPhone
		{0EE026BA-7D2F-43FF-892F-CA03D6CBA660}.Release|iPhoneSimulator.ActiveCfg = Release|iPhoneSimulator
		{0EE026BA-7D2F-43FF-892F-CA03D6CBA660}.Release|iPhoneSimulator.Build.0 = Release|iPhoneSimulator
		{166B3D4A-E2DC-4BAE-B904-EBBF505620B2}.Debug|Any CPU.ActiveCfg = Debug|Any CPU
		{166B3D4A-E2DC-4BAE-B904-EBBF505620B2}.Debug|Any CPU.Build.0 = Debug|Any CPU
		{166B3D4A-E2DC-4BAE-B904-EBBF505620B2}.Debug|iPhone.ActiveCfg = Debug|Any CPU
		{166B3D4A-E2DC-4BAE-B904-EBBF505620B2}.Debug|iPhone.Build.0 = Debug|Any CPU
		{166B3D4A-E2DC-4BAE-B904-EBBF505620B2}.Debug|iPhoneSimulator.ActiveCfg = Debug|Any CPU
		{166B3D4A-E2DC-4BAE-B904-EBBF505620B2}.Debug|iPhoneSimulator.Build.0 = Debug|Any CPU
		{166B3D4A-E2DC-4BAE-B904-EBBF505620B2}.Release|Any CPU.ActiveCfg = Release|Any CPU
		{166B3D4A-E2DC-4BAE-B904-EBBF505620B2}.Release|Any CPU.Build.0 = Release|Any CPU
		{166B3D4A-E2DC-4BAE-B904-EBBF505620B2}.Release|iPhone.ActiveCfg = Release|Any CPU
		{166B3D4A-E2DC-4BAE-B904-EBBF505620B2}.Release|iPhone.Build.0 = Release|Any CPU
		{166B3D4A-E2DC-4BAE-B904-EBBF505620B2}.Release|iPhoneSimulator.ActiveCfg = Release|Any CPU
		{166B3D4A-E2DC-4BAE-B904-EBBF505620B2}.Release|iPhoneSimulator.Build.0 = Release|Any CPU
		{EBE7052D-D51E-4F56-87CC-58E80F506D78}.Debug|Any CPU.ActiveCfg = Debug|Any CPU
		{EBE7052D-D51E-4F56-87CC-58E80F506D78}.Debug|Any CPU.Build.0 = Debug|Any CPU
		{EBE7052D-D51E-4F56-87CC-58E80F506D78}.Debug|Any CPU.Deploy.0 = Debug|Any CPU
		{EBE7052D-D51E-4F56-87CC-58E80F506D78}.Debug|iPhone.ActiveCfg = Debug|Any CPU
		{EBE7052D-D51E-4F56-87CC-58E80F506D78}.Debug|iPhone.Build.0 = Debug|Any CPU
		{EBE7052D-D51E-4F56-87CC-58E80F506D78}.Debug|iPhone.Deploy.0 = Debug|Any CPU
		{EBE7052D-D51E-4F56-87CC-58E80F506D78}.Debug|iPhoneSimulator.ActiveCfg = Debug|Any CPU
		{EBE7052D-D51E-4F56-87CC-58E80F506D78}.Debug|iPhoneSimulator.Build.0 = Debug|Any CPU
		{EBE7052D-D51E-4F56-87CC-58E80F506D78}.Debug|iPhoneSimulator.Deploy.0 = Debug|Any CPU
		{EBE7052D-D51E-4F56-87CC-58E80F506D78}.Release|Any CPU.ActiveCfg = Release|Any CPU
		{EBE7052D-D51E-4F56-87CC-58E80F506D78}.Release|Any CPU.Build.0 = Release|Any CPU
		{EBE7052D-D51E-4F56-87CC-58E80F506D78}.Release|Any CPU.Deploy.0 = Release|Any CPU
		{EBE7052D-D51E-4F56-87CC-58E80F506D78}.Release|iPhone.ActiveCfg = Release|Any CPU
		{EBE7052D-D51E-4F56-87CC-58E80F506D78}.Release|iPhone.Build.0 = Release|Any CPU
		{EBE7052D-D51E-4F56-87CC-58E80F506D78}.Release|iPhone.Deploy.0 = Release|Any CPU
		{EBE7052D-D51E-4F56-87CC-58E80F506D78}.Release|iPhoneSimulator.ActiveCfg = Release|Any CPU
		{EBE7052D-D51E-4F56-87CC-58E80F506D78}.Release|iPhoneSimulator.Build.0 = Release|Any CPU
		{EBE7052D-D51E-4F56-87CC-58E80F506D78}.Release|iPhoneSimulator.Deploy.0 = Release|Any CPU
		{F2B6A8F6-A916-4C67-8A99-FF2651BD404C}.Debug|Any CPU.ActiveCfg = Debug|iPhone
		{F2B6A8F6-A916-4C67-8A99-FF2651BD404C}.Debug|iPhone.ActiveCfg = Debug|iPhone
		{F2B6A8F6-A916-4C67-8A99-FF2651BD404C}.Debug|iPhone.Build.0 = Debug|iPhone
		{F2B6A8F6-A916-4C67-8A99-FF2651BD404C}.Debug|iPhoneSimulator.ActiveCfg = Debug|iPhoneSimulator
		{F2B6A8F6-A916-4C67-8A99-FF2651BD404C}.Debug|iPhoneSimulator.Build.0 = Debug|iPhoneSimulator
		{F2B6A8F6-A916-4C67-8A99-FF2651BD404C}.Release|Any CPU.ActiveCfg = Release|iPhone
		{F2B6A8F6-A916-4C67-8A99-FF2651BD404C}.Release|iPhone.ActiveCfg = Release|iPhone
		{F2B6A8F6-A916-4C67-8A99-FF2651BD404C}.Release|iPhone.Build.0 = Release|iPhone
		{F2B6A8F6-A916-4C67-8A99-FF2651BD404C}.Release|iPhoneSimulator.ActiveCfg = Release|iPhoneSimulator
		{F2B6A8F6-A916-4C67-8A99-FF2651BD404C}.Release|iPhoneSimulator.Build.0 = Release|iPhoneSimulator
		{46F1933A-D150-4BC1-8070-371F092E3B55}.Debug|Any CPU.ActiveCfg = Debug|Any CPU
		{46F1933A-D150-4BC1-8070-371F092E3B55}.Debug|Any CPU.Build.0 = Debug|Any CPU
		{46F1933A-D150-4BC1-8070-371F092E3B55}.Debug|iPhone.ActiveCfg = Debug|Any CPU
		{46F1933A-D150-4BC1-8070-371F092E3B55}.Debug|iPhone.Build.0 = Debug|Any CPU
		{46F1933A-D150-4BC1-8070-371F092E3B55}.Debug|iPhoneSimulator.ActiveCfg = Debug|Any CPU
		{46F1933A-D150-4BC1-8070-371F092E3B55}.Debug|iPhoneSimulator.Build.0 = Debug|Any CPU
		{46F1933A-D150-4BC1-8070-371F092E3B55}.Release|Any CPU.ActiveCfg = Release|Any CPU
		{46F1933A-D150-4BC1-8070-371F092E3B55}.Release|Any CPU.Build.0 = Release|Any CPU
		{46F1933A-D150-4BC1-8070-371F092E3B55}.Release|iPhone.ActiveCfg = Release|Any CPU
		{46F1933A-D150-4BC1-8070-371F092E3B55}.Release|iPhone.Build.0 = Release|Any CPU
		{46F1933A-D150-4BC1-8070-371F092E3B55}.Release|iPhoneSimulator.ActiveCfg = Release|Any CPU
		{46F1933A-D150-4BC1-8070-371F092E3B55}.Release|iPhoneSimulator.Build.0 = Release|Any CPU
		{D3F7D152-1D92-4C51-BA13-B1BD602C4F03}.Debug|Any CPU.ActiveCfg = Debug|Any CPU
		{D3F7D152-1D92-4C51-BA13-B1BD602C4F03}.Debug|Any CPU.Build.0 = Debug|Any CPU
		{D3F7D152-1D92-4C51-BA13-B1BD602C4F03}.Debug|Any CPU.Deploy.0 = Debug|Any CPU
		{D3F7D152-1D92-4C51-BA13-B1BD602C4F03}.Debug|iPhone.ActiveCfg = Debug|Any CPU
		{D3F7D152-1D92-4C51-BA13-B1BD602C4F03}.Debug|iPhone.Build.0 = Debug|Any CPU
		{D3F7D152-1D92-4C51-BA13-B1BD602C4F03}.Debug|iPhone.Deploy.0 = Debug|Any CPU
		{D3F7D152-1D92-4C51-BA13-B1BD602C4F03}.Debug|iPhoneSimulator.ActiveCfg = Debug|Any CPU
		{D3F7D152-1D92-4C51-BA13-B1BD602C4F03}.Debug|iPhoneSimulator.Build.0 = Debug|Any CPU
		{D3F7D152-1D92-4C51-BA13-B1BD602C4F03}.Debug|iPhoneSimulator.Deploy.0 = Debug|Any CPU
		{D3F7D152-1D92-4C51-BA13-B1BD602C4F03}.Release|Any CPU.ActiveCfg = Release|Any CPU
		{D3F7D152-1D92-4C51-BA13-B1BD602C4F03}.Release|Any CPU.Build.0 = Release|Any CPU
		{D3F7D152-1D92-4C51-BA13-B1BD602C4F03}.Release|Any CPU.Deploy.0 = Release|Any CPU
		{D3F7D152-1D92-4C51-BA13-B1BD602C4F03}.Release|iPhone.ActiveCfg = Release|Any CPU
		{D3F7D152-1D92-4C51-BA13-B1BD602C4F03}.Release|iPhone.Build.0 = Release|Any CPU
		{D3F7D152-1D92-4C51-BA13-B1BD602C4F03}.Release|iPhone.Deploy.0 = Release|Any CPU
		{D3F7D152-1D92-4C51-BA13-B1BD602C4F03}.Release|iPhoneSimulator.ActiveCfg = Release|Any CPU
		{D3F7D152-1D92-4C51-BA13-B1BD602C4F03}.Release|iPhoneSimulator.Build.0 = Release|Any CPU
		{D3F7D152-1D92-4C51-BA13-B1BD602C4F03}.Release|iPhoneSimulator.Deploy.0 = Release|Any CPU
		{AE0C19CF-C791-45C0-8553-658CA5274F92}.Debug|Any CPU.ActiveCfg = Debug|iPhone
		{AE0C19CF-C791-45C0-8553-658CA5274F92}.Debug|iPhone.ActiveCfg = Debug|iPhone
		{AE0C19CF-C791-45C0-8553-658CA5274F92}.Debug|iPhone.Build.0 = Debug|iPhone
		{AE0C19CF-C791-45C0-8553-658CA5274F92}.Debug|iPhoneSimulator.ActiveCfg = Debug|iPhoneSimulator
		{AE0C19CF-C791-45C0-8553-658CA5274F92}.Debug|iPhoneSimulator.Build.0 = Debug|iPhoneSimulator
		{AE0C19CF-C791-45C0-8553-658CA5274F92}.Release|Any CPU.ActiveCfg = Release|iPhone
		{AE0C19CF-C791-45C0-8553-658CA5274F92}.Release|iPhone.ActiveCfg = Release|iPhone
		{AE0C19CF-C791-45C0-8553-658CA5274F92}.Release|iPhone.Build.0 = Release|iPhone
		{AE0C19CF-C791-45C0-8553-658CA5274F92}.Release|iPhoneSimulator.ActiveCfg = Release|iPhoneSimulator
		{AE0C19CF-C791-45C0-8553-658CA5274F92}.Release|iPhoneSimulator.Build.0 = Release|iPhoneSimulator
		{EE8CEE53-DE9F-44D2-8629-9FB3373B7E41}.Debug|Any CPU.ActiveCfg = Debug|Any CPU
		{EE8CEE53-DE9F-44D2-8629-9FB3373B7E41}.Debug|Any CPU.Build.0 = Debug|Any CPU
		{EE8CEE53-DE9F-44D2-8629-9FB3373B7E41}.Debug|iPhone.ActiveCfg = Debug|Any CPU
		{EE8CEE53-DE9F-44D2-8629-9FB3373B7E41}.Debug|iPhone.Build.0 = Debug|Any CPU
		{EE8CEE53-DE9F-44D2-8629-9FB3373B7E41}.Debug|iPhoneSimulator.ActiveCfg = Debug|Any CPU
		{EE8CEE53-DE9F-44D2-8629-9FB3373B7E41}.Debug|iPhoneSimulator.Build.0 = Debug|Any CPU
		{EE8CEE53-DE9F-44D2-8629-9FB3373B7E41}.Release|Any CPU.ActiveCfg = Release|Any CPU
		{EE8CEE53-DE9F-44D2-8629-9FB3373B7E41}.Release|Any CPU.Build.0 = Release|Any CPU
		{EE8CEE53-DE9F-44D2-8629-9FB3373B7E41}.Release|iPhone.ActiveCfg = Release|Any CPU
		{EE8CEE53-DE9F-44D2-8629-9FB3373B7E41}.Release|iPhone.Build.0 = Release|Any CPU
		{EE8CEE53-DE9F-44D2-8629-9FB3373B7E41}.Release|iPhoneSimulator.ActiveCfg = Release|Any CPU
		{EE8CEE53-DE9F-44D2-8629-9FB3373B7E41}.Release|iPhoneSimulator.Build.0 = Release|Any CPU
		{B28CAF3F-1D69-4179-9A30-75EAB90C6E9A}.Debug|Any CPU.ActiveCfg = Debug|Any CPU
		{B28CAF3F-1D69-4179-9A30-75EAB90C6E9A}.Debug|Any CPU.Build.0 = Debug|Any CPU
		{B28CAF3F-1D69-4179-9A30-75EAB90C6E9A}.Debug|Any CPU.Deploy.0 = Debug|Any CPU
		{B28CAF3F-1D69-4179-9A30-75EAB90C6E9A}.Debug|iPhone.ActiveCfg = Debug|Any CPU
		{B28CAF3F-1D69-4179-9A30-75EAB90C6E9A}.Debug|iPhone.Build.0 = Debug|Any CPU
		{B28CAF3F-1D69-4179-9A30-75EAB90C6E9A}.Debug|iPhone.Deploy.0 = Debug|Any CPU
		{B28CAF3F-1D69-4179-9A30-75EAB90C6E9A}.Debug|iPhoneSimulator.ActiveCfg = Debug|Any CPU
		{B28CAF3F-1D69-4179-9A30-75EAB90C6E9A}.Debug|iPhoneSimulator.Build.0 = Debug|Any CPU
		{B28CAF3F-1D69-4179-9A30-75EAB90C6E9A}.Debug|iPhoneSimulator.Deploy.0 = Debug|Any CPU
		{B28CAF3F-1D69-4179-9A30-75EAB90C6E9A}.Release|Any CPU.ActiveCfg = Release|Any CPU
		{B28CAF3F-1D69-4179-9A30-75EAB90C6E9A}.Release|Any CPU.Build.0 = Release|Any CPU
		{B28CAF3F-1D69-4179-9A30-75EAB90C6E9A}.Release|Any CPU.Deploy.0 = Release|Any CPU
		{B28CAF3F-1D69-4179-9A30-75EAB90C6E9A}.Release|iPhone.ActiveCfg = Release|Any CPU
		{B28CAF3F-1D69-4179-9A30-75EAB90C6E9A}.Release|iPhone.Build.0 = Release|Any CPU
		{B28CAF3F-1D69-4179-9A30-75EAB90C6E9A}.Release|iPhone.Deploy.0 = Release|Any CPU
		{B28CAF3F-1D69-4179-9A30-75EAB90C6E9A}.Release|iPhoneSimulator.ActiveCfg = Release|Any CPU
		{B28CAF3F-1D69-4179-9A30-75EAB90C6E9A}.Release|iPhoneSimulator.Build.0 = Release|Any CPU
		{B28CAF3F-1D69-4179-9A30-75EAB90C6E9A}.Release|iPhoneSimulator.Deploy.0 = Release|Any CPU
		{34E0A508-C9EC-4064-A3F1-360794C268C2}.Debug|Any CPU.ActiveCfg = Debug|iPhone
		{34E0A508-C9EC-4064-A3F1-360794C268C2}.Debug|iPhone.ActiveCfg = Debug|iPhone
		{34E0A508-C9EC-4064-A3F1-360794C268C2}.Debug|iPhone.Build.0 = Debug|iPhone
		{34E0A508-C9EC-4064-A3F1-360794C268C2}.Debug|iPhoneSimulator.ActiveCfg = Debug|iPhoneSimulator
		{34E0A508-C9EC-4064-A3F1-360794C268C2}.Debug|iPhoneSimulator.Build.0 = Debug|iPhoneSimulator
		{34E0A508-C9EC-4064-A3F1-360794C268C2}.Release|Any CPU.ActiveCfg = Release|iPhone
		{34E0A508-C9EC-4064-A3F1-360794C268C2}.Release|iPhone.ActiveCfg = Release|iPhone
		{34E0A508-C9EC-4064-A3F1-360794C268C2}.Release|iPhone.Build.0 = Release|iPhone
		{34E0A508-C9EC-4064-A3F1-360794C268C2}.Release|iPhoneSimulator.ActiveCfg = Release|iPhoneSimulator
		{34E0A508-C9EC-4064-A3F1-360794C268C2}.Release|iPhoneSimulator.Build.0 = Release|iPhoneSimulator
		{BA3897AC-32F8-4A41-8A60-E8504923F6DB}.Debug|Any CPU.ActiveCfg = Debug|Any CPU
		{BA3897AC-32F8-4A41-8A60-E8504923F6DB}.Debug|Any CPU.Build.0 = Debug|Any CPU
		{BA3897AC-32F8-4A41-8A60-E8504923F6DB}.Debug|iPhone.ActiveCfg = Debug|Any CPU
		{BA3897AC-32F8-4A41-8A60-E8504923F6DB}.Debug|iPhone.Build.0 = Debug|Any CPU
		{BA3897AC-32F8-4A41-8A60-E8504923F6DB}.Debug|iPhoneSimulator.ActiveCfg = Debug|Any CPU
		{BA3897AC-32F8-4A41-8A60-E8504923F6DB}.Debug|iPhoneSimulator.Build.0 = Debug|Any CPU
		{BA3897AC-32F8-4A41-8A60-E8504923F6DB}.Release|Any CPU.ActiveCfg = Release|Any CPU
		{BA3897AC-32F8-4A41-8A60-E8504923F6DB}.Release|Any CPU.Build.0 = Release|Any CPU
		{BA3897AC-32F8-4A41-8A60-E8504923F6DB}.Release|iPhone.ActiveCfg = Release|Any CPU
		{BA3897AC-32F8-4A41-8A60-E8504923F6DB}.Release|iPhone.Build.0 = Release|Any CPU
		{BA3897AC-32F8-4A41-8A60-E8504923F6DB}.Release|iPhoneSimulator.ActiveCfg = Release|Any CPU
		{BA3897AC-32F8-4A41-8A60-E8504923F6DB}.Release|iPhoneSimulator.Build.0 = Release|Any CPU
	EndGlobalSection
	GlobalSection(SolutionProperties) = preSolution
		HideSolutionNode = FALSE
	EndGlobalSection
	GlobalSection(NestedProjects) = preSolution
		{0D082F5A-3BBA-471B-A901-60D7853E6AAA} = {7396E0E3-9AD1-43BE-8591-559BF7F3309F}
		{0EE026BA-7D2F-43FF-892F-CA03D6CBA660} = {7396E0E3-9AD1-43BE-8591-559BF7F3309F}
		{166B3D4A-E2DC-4BAE-B904-EBBF505620B2} = {7396E0E3-9AD1-43BE-8591-559BF7F3309F}
		{EBE7052D-D51E-4F56-87CC-58E80F506D78} = {7396E0E3-9AD1-43BE-8591-559BF7F3309F}
		{F2B6A8F6-A916-4C67-8A99-FF2651BD404C} = {7396E0E3-9AD1-43BE-8591-559BF7F3309F}
		{46F1933A-D150-4BC1-8070-371F092E3B55} = {7396E0E3-9AD1-43BE-8591-559BF7F3309F}
	EndGlobalSection
	GlobalSection(ExtensibilityGlobals) = postSolution
		SolutionGuid = {76A477D5-BBD5-495C-BB85-FB0A1F35171E}
	EndGlobalSection
EndGlobal
